
Microsoft Visual Studio Solution File, Format Version 12.00
# Visual Studio Version 17
VisualStudioVersion = 17.9.34622.214
MinimumVisualStudioVersion = 10.0.40219.1
Project("{FAE04EC0-301F-11D3-BF4B-00C04F79EFBC}") = "Sistema Gestao", "Sistema Gestao.csproj", "{DFEC4BB0-08D4-4781-9DEB-6977A9F91C81}"
EndProject
Global
	GlobalSection(SolutionConfigurationPlatforms) = preSolution
		Debug|Any CPU = Debug|Any CPU
		Release|Any CPU = Release|Any CPU
	EndGlobalSection
	GlobalSection(ProjectConfigurationPlatforms) = postSolution
		{DFEC4BB0-08D4-4781-9DEB-6977A9F91C81}.Debug|Any CPU.ActiveCfg = Debug|Any CPU
		{DFEC4BB0-08D4-4781-9DEB-6977A9F91C81}.Debug|Any CPU.Build.0 = Debug|Any CPU
		{DFEC4BB0-08D4-4781-9DEB-6977A9F91C81}.Release|Any CPU.ActiveCfg = Release|Any CPU
		{DFEC4BB0-08D4-4781-9DEB-6977A9F91C81}.Release|Any CPU.Build.0 = Release|Any CPU
	EndGlobalSection
	GlobalSection(SolutionProperties) = preSolution
		HideSolutionNode = FALSE
	EndGlobalSection
	GlobalSection(ExtensibilityGlobals) = postSolution
		SolutionGuid = {57565A70-E907-4F5B-8784-F57DA301F299}
	EndGlobalSection
EndGlobal
